
Microsoft Visual Studio Solution File, Format Version 12.00
# Visual Studio Version 16
VisualStudioVersion = 16.0.31205.134
MinimumVisualStudioVersion = 10.0.40219.1
Project("{FAE04EC0-301F-11D3-BF4B-00C04F79EFBC}") = "Laba4.2", "Laba4.2\Laba4.2.csproj", "{97E0CC6C-4171-4F91-A437-77D74B3616AD}"
EndProject
Global
	GlobalSection(SolutionConfigurationPlatforms) = preSolution
		Debug|Any CPU = Debug|Any CPU
		Release|Any CPU = Release|Any CPU
	EndGlobalSection
	GlobalSection(ProjectConfigurationPlatforms) = postSolution
		{97E0CC6C-4171-4F91-A437-77D74B3616AD}.Debug|Any CPU.ActiveCfg = Debug|Any CPU
		{97E0CC6C-4171-4F91-A437-77D74B3616AD}.Debug|Any CPU.Build.0 = Debug|Any CPU
		{97E0CC6C-4171-4F91-A437-77D74B3616AD}.Release|Any CPU.ActiveCfg = Release|Any CPU
		{97E0CC6C-4171-4F91-A437-77D74B3616AD}.Release|Any CPU.Build.0 = Release|Any CPU
	EndGlobalSection
	GlobalSection(SolutionProperties) = preSolution
		HideSolutionNode = FALSE
	EndGlobalSection
	GlobalSection(ExtensibilityGlobals) = postSolution
		SolutionGuid = {2D8C7C9B-77BD-4C23-8806-9D718C1FAFC3}
	EndGlobalSection
EndGlobal
